// !$*UTF8*$!
{
	archiveVersion = 1;
	classes = {
	};
	objectVersion = 50;
	objects = {

/* Begin PBXBuildFile section */
		894751BF21F2977F009F1039 /* AppDelegate.swift in Sources */ = {isa = PBXBuildFile; fileRef = 894751BE21F2977F009F1039 /* AppDelegate.swift */; };
		894751C121F2977F009F1039 /* ViewController.swift in Sources */ = {isa = PBXBuildFile; fileRef = 894751C021F2977F009F1039 /* ViewController.swift */; };
		894751C421F2977F009F1039 /* Main.storyboard in Resources */ = {isa = PBXBuildFile; fileRef = 894751C221F2977F009F1039 /* Main.storyboard */; };
		894751C621F29782009F1039 /* Assets.xcassets in Resources */ = {isa = PBXBuildFile; fileRef = 894751C521F29782009F1039 /* Assets.xcassets */; };
		894751C921F29782009F1039 /* LaunchScreen.storyboard in Resources */ = {isa = PBXBuildFile; fileRef = 894751C721F29782009F1039 /* LaunchScreen.storyboard */; };
		894751D421F29783009F1039 /* BotAppTests.swift in Sources */ = {isa = PBXBuildFile; fileRef = 894751D321F29783009F1039 /* BotAppTests.swift */; };
		894751DF21F29783009F1039 /* BotAppUITests.swift in Sources */ = {isa = PBXBuildFile; fileRef = 894751DE21F29783009F1039 /* BotAppUITests.swift */; };
/* End PBXBuildFile section */

/* Begin PBXContainerItemProxy section */
		894751D021F29783009F1039 /* PBXContainerItemProxy */ = {
			isa = PBXContainerItemProxy;
			containerPortal = 894751B321F2977F009F1039 /* Project object */;
			proxyType = 1;
			remoteGlobalIDString = 894751BA21F2977F009F1039;
			remoteInfo = BotApp;
		};
		894751DB21F29783009F1039 /* PBXContainerItemProxy */ = {
			isa = PBXContainerItemProxy;
			containerPortal = 894751B321F2977F009F1039 /* Project object */;
			proxyType = 1;
			remoteGlobalIDString = 894751BA21F2977F009F1039;
			remoteInfo = BotApp;
		};
/* End PBXContainerItemProxy section */

/* Begin PBXFileReference section */
		894751BB21F2977F009F1039 /* BotApp.app */ = {isa = PBXFileReference; explicitFileType = wrapper.application; includeInIndex = 0; path = BotApp.app; sourceTree = BUILT_PRODUCTS_DIR; };
		894751BE21F2977F009F1039 /* AppDelegate.swift */ = {isa = PBXFileReference; lastKnownFileType = sourcecode.swift; path = AppDelegate.swift; sourceTree = "<group>"; };
		894751C021F2977F009F1039 /* ViewController.swift */ = {isa = PBXFileReference; lastKnownFileType = sourcecode.swift; path = ViewController.swift; sourceTree = "<group>"; };
		894751C321F2977F009F1039 /* Base */ = {isa = PBXFileReference; lastKnownFileType = file.storyboard; name = Base; path = Base.lproj/Main.storyboard; sourceTree = "<group>"; };
		894751C521F29782009F1039 /* Assets.xcassets */ = {isa = PBXFileReference; lastKnownFileType = folder.assetcatalog; path = Assets.xcassets; sourceTree = "<group>"; };
		894751C821F29782009F1039 /* Base */ = {isa = PBXFileReference; lastKnownFileType = file.storyboard; name = Base; path = Base.lproj/LaunchScreen.storyboard; sourceTree = "<group>"; };
		894751CA21F29782009F1039 /* Info.plist */ = {isa = PBXFileReference; lastKnownFileType = text.plist.xml; path = Info.plist; sourceTree = "<group>"; };
		894751CF21F29783009F1039 /* BotAppTests.xctest */ = {isa = PBXFileReference; explicitFileType = wrapper.cfbundle; includeInIndex = 0; path = BotAppTests.xctest; sourceTree = BUILT_PRODUCTS_DIR; };
		894751D321F29783009F1039 /* BotAppTests.swift */ = {isa = PBXFileReference; lastKnownFileType = sourcecode.swift; path = BotAppTests.swift; sourceTree = "<group>"; };
		894751D521F29783009F1039 /* Info.plist */ = {isa = PBXFileReference; lastKnownFileType = text.plist.xml; path = Info.plist; sourceTree = "<group>"; };
		894751DA21F29783009F1039 /* BotAppUITests.xctest */ = {isa = PBXFileReference; explicitFileType = wrapper.cfbundle; includeInIndex = 0; path = BotAppUITests.xctest; sourceTree = BUILT_PRODUCTS_DIR; };
		894751DE21F29783009F1039 /* BotAppUITests.swift */ = {isa = PBXFileReference; lastKnownFileType = sourcecode.swift; path = BotAppUITests.swift; sourceTree = "<group>"; };
		894751E021F29783009F1039 /* Info.plist */ = {isa = PBXFileReference; lastKnownFileType = text.plist.xml; path = Info.plist; sourceTree = "<group>"; };
/* End PBXFileReference section */

/* Begin PBXFrameworksBuildPhase section */
		894751B821F2977F009F1039 /* Frameworks */ = {
			isa = PBXFrameworksBuildPhase;
			buildActionMask = 2147483647;
			files = (
			);
			runOnlyForDeploymentPostprocessing = 0;
		};
		894751CC21F29783009F1039 /* Frameworks */ = {
			isa = PBXFrameworksBuildPhase;
			buildActionMask = 2147483647;
			files = (
			);
			runOnlyForDeploymentPostprocessing = 0;
		};
		894751D721F29783009F1039 /* Frameworks */ = {
			isa = PBXFrameworksBuildPhase;
			buildActionMask = 2147483647;
			files = (
			);
			runOnlyForDeploymentPostprocessing = 0;
		};
/* End PBXFrameworksBuildPhase section */

/* Begin PBXGroup section */
		894751B221F2977F009F1039 = {
			isa = PBXGroup;
			children = (
				894751BD21F2977F009F1039 /* BotApp */,
				894751D221F29783009F1039 /* BotAppTests */,
				894751DD21F29783009F1039 /* BotAppUITests */,
				894751BC21F2977F009F1039 /* Products */,
			);
			sourceTree = "<group>";
		};
		894751BC21F2977F009F1039 /* Products */ = {
			isa = PBXGroup;
			children = (
				894751BB21F2977F009F1039 /* BotApp.app */,
				894751CF21F29783009F1039 /* BotAppTests.xctest */,
				894751DA21F29783009F1039 /* BotAppUITests.xctest */,
			);
			name = Products;
			sourceTree = "<group>";
		};
		894751BD21F2977F009F1039 /* BotApp */ = {
			isa = PBXGroup;
			children = (
				894751BE21F2977F009F1039 /* AppDelegate.swift */,
				894751C021F2977F009F1039 /* ViewController.swift */,
				894751C221F2977F009F1039 /* Main.storyboard */,
				894751C521F29782009F1039 /* Assets.xcassets */,
				894751C721F29782009F1039 /* LaunchScreen.storyboard */,
				894751CA21F29782009F1039 /* Info.plist */,
			);
			path = BotApp;
			sourceTree = "<group>";
		};
		894751D221F29783009F1039 /* BotAppTests */ = {
			isa = PBXGroup;
			children = (
				894751D321F29783009F1039 /* BotAppTests.swift */,
				894751D521F29783009F1039 /* Info.plist */,
			);
			path = BotAppTests;
			sourceTree = "<group>";
		};
		894751DD21F29783009F1039 /* BotAppUITests */ = {
			isa = PBXGroup;
			children = (
				894751DE21F29783009F1039 /* BotAppUITests.swift */,
				894751E021F29783009F1039 /* Info.plist */,
			);
			path = BotAppUITests;
			sourceTree = "<group>";
		};
/* End PBXGroup section */

/* Begin PBXNativeTarget section */
		894751BA21F2977F009F1039 /* BotApp */ = {
			isa = PBXNativeTarget;
			buildConfigurationList = 894751E321F29783009F1039 /* Build configuration list for PBXNativeTarget "BotApp" */;
			buildPhases = (
				894751B721F2977F009F1039 /* Sources */,
				894751B821F2977F009F1039 /* Frameworks */,
				894751B921F2977F009F1039 /* Resources */,
			);
			buildRules = (
			);
			dependencies = (
			);
			name = BotApp;
			productName = BotApp;
			productReference = 894751BB21F2977F009F1039 /* BotApp.app */;
			productType = "com.apple.product-type.application";
		};
		894751CE21F29783009F1039 /* BotAppTests */ = {
			isa = PBXNativeTarget;
			buildConfigurationList = 894751E621F29783009F1039 /* Build configuration list for PBXNativeTarget "BotAppTests" */;
			buildPhases = (
				894751CB21F29783009F1039 /* Sources */,
				894751CC21F29783009F1039 /* Frameworks */,
				894751CD21F29783009F1039 /* Resources */,
			);
			buildRules = (
			);
			dependencies = (
				894751D121F29783009F1039 /* PBXTargetDependency */,
			);
			name = BotAppTests;
			productName = BotAppTests;
			productReference = 894751CF21F29783009F1039 /* BotAppTests.xctest */;
			productType = "com.apple.product-type.bundle.unit-test";
		};
		894751D921F29783009F1039 /* BotAppUITests */ = {
			isa = PBXNativeTarget;
			buildConfigurationList = 894751E921F29783009F1039 /* Build configuration list for PBXNativeTarget "BotAppUITests" */;
			buildPhases = (
				894751D621F29783009F1039 /* Sources */,
				894751D721F29783009F1039 /* Frameworks */,
				894751D821F29783009F1039 /* Resources */,
			);
			buildRules = (
			);
			dependencies = (
				894751DC21F29783009F1039 /* PBXTargetDependency */,
			);
			name = BotAppUITests;
			productName = BotAppUITests;
			productReference = 894751DA21F29783009F1039 /* BotAppUITests.xctest */;
			productType = "com.apple.product-type.bundle.ui-testing";
		};
/* End PBXNativeTarget section */

/* Begin PBXProject section */
		894751B321F2977F009F1039 /* Project object */ = {
			isa = PBXProject;
			attributes = {
				LastSwiftUpdateCheck = 1010;
				LastUpgradeCheck = 1010;
				ORGANIZATIONNAME = lu;
				TargetAttributes = {
					894751BA21F2977F009F1039 = {
						CreatedOnToolsVersion = 10.1;
					};
					894751CE21F29783009F1039 = {
						CreatedOnToolsVersion = 10.1;
						TestTargetID = 894751BA21F2977F009F1039;
					};
					894751D921F29783009F1039 = {
						CreatedOnToolsVersion = 10.1;
						TestTargetID = 894751BA21F2977F009F1039;
					};
				};
			};
			buildConfigurationList = 894751B621F2977F009F1039 /* Build configuration list for PBXProject "BotApp" */;
			compatibilityVersion = "Xcode 9.3";
			developmentRegion = en;
			hasScannedForEncodings = 0;
			knownRegions = (
				en,
				Base,
			);
			mainGroup = 894751B221F2977F009F1039;
			productRefGroup = 894751BC21F2977F009F1039 /* Products */;
			projectDirPath = "";
			projectRoot = "";
			targets = (
				894751BA21F2977F009F1039 /* BotApp */,
				894751CE21F29783009F1039 /* BotAppTests */,
				894751D921F29783009F1039 /* BotAppUITests */,
			);
		};
/* End PBXProject section */

/* Begin PBXResourcesBuildPhase section */
		894751B921F2977F009F1039 /* Resources */ = {
			isa = PBXResourcesBuildPhase;
			buildActionMask = 2147483647;
			files = (
				894751C921F29782009F1039 /* LaunchScreen.storyboard in Resources */,
				894751C621F29782009F1039 /* Assets.xcassets in Resources */,
				894751C421F2977F009F1039 /* Main.storyboard in Resources */,
			);
			runOnlyForDeploymentPostprocessing = 0;
		};
		894751CD21F29783009F1039 /* Resources */ = {
			isa = PBXResourcesBuildPhase;
			buildActionMask = 2147483647;
			files = (
			);
			runOnlyForDeploymentPostprocessing = 0;
		};
		894751D821F29783009F1039 /* Resources */ = {
			isa = PBXResourcesBuildPhase;
			buildActionMask = 2147483647;
			files = (
			);
			runOnlyForDeploymentPostprocessing = 0;
		};
/* End PBXResourcesBuildPhase section */

/* Begin PBXSourcesBuildPhase section */
		894751B721F2977F009F1039 /* Sources */ = {
			isa = PBXSourcesBuildPhase;
			buildActionMask = 2147483647;
			files = (
				894751C121F2977F009F1039 /* ViewController.swift in Sources */,
				894751BF21F2977F009F1039 /* AppDelegate.swift in Sources */,
			);
			runOnlyForDeploymentPostprocessing = 0;
		};
		894751CB21F29783009F1039 /* Sources */ = {
			isa = PBXSourcesBuildPhase;
			buildActionMask = 2147483647;
			files = (
				894751D421F29783009F1039 /* BotAppTests.swift in Sources */,
			);
			runOnlyForDeploymentPostprocessing = 0;
		};
		894751D621F29783009F1039 /* Sources */ = {
			isa = PBXSourcesBuildPhase;
			buildActionMask = 2147483647;
			files = (
				894751DF21F29783009F1039 /* BotAppUITests.swift in Sources */,
			);
			runOnlyForDeploymentPostprocessing = 0;
		};
/* End PBXSourcesBuildPhase section */

/* Begin PBXTargetDependency section */
		894751D121F29783009F1039 /* PBXTargetDependency */ = {
			isa = PBXTargetDependency;
			target = 894751BA21F2977F009F1039 /* BotApp */;
			targetProxy = 894751D021F29783009F1039 /* PBXContainerItemProxy */;
		};
		894751DC21F29783009F1039 /* PBXTargetDependency */ = {
			isa = PBXTargetDependency;
			target = 894751BA21F2977F009F1039 /* BotApp */;
			targetProxy = 894751DB21F29783009F1039 /* PBXContainerItemProxy */;
		};
/* End PBXTargetDependency section */

/* Begin PBXVariantGroup section */
		894751C221F2977F009F1039 /* Main.storyboard */ = {
			isa = PBXVariantGroup;
			children = (
				894751C321F2977F009F1039 /* Base */,
			);
			name = Main.storyboard;
			sourceTree = "<group>";
		};
		894751C721F29782009F1039 /* LaunchScreen.storyboard */ = {
			isa = PBXVariantGroup;
			children = (
				894751C821F29782009F1039 /* Base */,
			);
			name = LaunchScreen.storyboard;
			sourceTree = "<group>";
		};
/* End PBXVariantGroup section */

/* Begin XCBuildConfiguration section */
		894751E121F29783009F1039 /* Debug */ = {
			isa = XCBuildConfiguration;
			buildSettings = {
				ALWAYS_SEARCH_USER_PATHS = NO;
				CLANG_ANALYZER_NONNULL = YES;
				CLANG_ANALYZER_NUMBER_OBJECT_CONVERSION = YES_AGGRESSIVE;
				CLANG_CXX_LANGUAGE_STANDARD = "gnu++14";
				CLANG_CXX_LIBRARY = "libc++";
				CLANG_ENABLE_MODULES = YES;
				CLANG_ENABLE_OBJC_ARC = YES;
				CLANG_ENABLE_OBJC_WEAK = YES;
				CLANG_WARN_BLOCK_CAPTURE_AUTORELEASING = YES;
				CLANG_WARN_BOOL_CONVERSION = YES;
				CLANG_WARN_COMMA = YES;
				CLANG_WARN_CONSTANT_CONVERSION = YES;
				CLANG_WARN_DEPRECATED_OBJC_IMPLEMENTATIONS = YES;
				CLANG_WARN_DIRECT_OBJC_ISA_USAGE = YES_ERROR;
				CLANG_WARN_DOCUMENTATION_COMMENTS = YES;
				CLANG_WARN_EMPTY_BODY = YES;
				CLANG_WARN_ENUM_CONVERSION = YES;
				CLANG_WARN_INFINITE_RECURSION = YES;
				CLANG_WARN_INT_CONVERSION = YES;
				CLANG_WARN_NON_LITERAL_NULL_CONVERSION = YES;
				CLANG_WARN_OBJC_IMPLICIT_RETAIN_SELF = YES;
				CLANG_WARN_OBJC_LITERAL_CONVERSION = YES;
				CLANG_WARN_OBJC_ROOT_CLASS = YES_ERROR;
				CLANG_WARN_RANGE_LOOP_ANALYSIS = YES;
				CLANG_WARN_STRICT_PROTOTYPES = YES;
				CLANG_WARN_SUSPICIOUS_MOVE = YES;
				CLANG_WARN_UNGUARDED_AVAILABILITY = YES_AGGRESSIVE;
				CLANG_WARN_UNREACHABLE_CODE = YES;
				CLANG_WARN__DUPLICATE_METHOD_MATCH = YES;
				CODE_SIGN_IDENTITY = "iPhone Developer";
				COPY_PHASE_STRIP = NO;
				DEBUG_INFORMATION_FORMAT = dwarf;
				ENABLE_STRICT_OBJC_MSGSEND = YES;
				ENABLE_TESTABILITY = YES;
				GCC_C_LANGUAGE_STANDARD = gnu11;
				GCC_DYNAMIC_NO_PIC = NO;
				GCC_NO_COMMON_BLOCKS = YES;
				GCC_OPTIMIZATION_LEVEL = 0;
				GCC_PREPROCESSOR_DEFINITIONS = (
					"DEBUG=1",
					"$(inherited)",
				);
				GCC_WARN_64_TO_32_BIT_CONVERSION = YES;
				GCC_WARN_ABOUT_RETURN_TYPE = YES_ERROR;
				GCC_WARN_UNDECLARED_SELECTOR = YES;
				GCC_WARN_UNINITIALIZED_AUTOS = YES_AGGRESSIVE;
				GCC_WARN_UNUSED_FUNCTION = YES;
				GCC_WARN_UNUSED_VARIABLE = YES;
				IPHONEOS_DEPLOYMENT_TARGET = 12.1;
				MTL_ENABLE_DEBUG_INFO = INCLUDE_SOURCE;
				MTL_FAST_MATH = YES;
				ONLY_ACTIVE_ARCH = YES;
				SDKROOT = iphoneos;
				SWIFT_ACTIVE_COMPILATION_CONDITIONS = DEBUG;
				SWIFT_OPTIMIZATION_LEVEL = "-Onone";
			};
			name = Debug;
		};
		894751E221F29783009F1039 /* Release */ = {
			isa = XCBuildConfiguration;
			buildSettings = {
				ALWAYS_SEARCH_USER_PATHS = NO;
				CLANG_ANALYZER_NONNULL = YES;
				CLANG_ANALYZER_NUMBER_OBJECT_CONVERSION = YES_AGGRESSIVE;
				CLANG_CXX_LANGUAGE_STANDARD = "gnu++14";
				CLANG_CXX_LIBRARY = "libc++";
				CLANG_ENABLE_MODULES = YES;
				CLANG_ENABLE_OBJC_ARC = YES;
				CLANG_ENABLE_OBJC_WEAK = YES;
				CLANG_WARN_BLOCK_CAPTURE_AUTORELEASING = YES;
				CLANG_WARN_BOOL_CONVERSION = YES;
				CLANG_WARN_COMMA = YES;
				CLANG_WARN_CONSTANT_CONVERSION = YES;
				CLANG_WARN_DEPRECATED_OBJC_IMPLEMENTATIONS = YES;
				CLANG_WARN_DIRECT_OBJC_ISA_USAGE = YES_ERROR;
				CLANG_WARN_DOCUMENTATION_COMMENTS = YES;
				CLANG_WARN_EMPTY_BODY = YES;
				CLANG_WARN_ENUM_CONVERSION = YES;
				CLANG_WARN_INFINITE_RECURSION = YES;
				CLANG_WARN_INT_CONVERSION = YES;
				CLANG_WARN_NON_LITERAL_NULL_CONVERSION = YES;
				CLANG_WARN_OBJC_IMPLICIT_RETAIN_SELF = YES;
				CLANG_WARN_OBJC_LITERAL_CONVERSION = YES;
				CLANG_WARN_OBJC_ROOT_CLASS = YES_ERROR;
				CLANG_WARN_RANGE_LOOP_ANALYSIS = YES;
				CLANG_WARN_STRICT_PROTOTYPES = YES;
				CLANG_WARN_SUSPICIOUS_MOVE = YES;
				CLANG_WARN_UNGUARDED_AVAILABILITY = YES_AGGRESSIVE;
				CLANG_WARN_UNREACHABLE_CODE = YES;
				CLANG_WARN__DUPLICATE_METHOD_MATCH = YES;
				CODE_SIGN_IDENTITY = "iPhone Developer";
				COPY_PHASE_STRIP = NO;
				DEBUG_INFORMATION_FORMAT = "dwarf-with-dsym";
				ENABLE_NS_ASSERTIONS = NO;
				ENABLE_STRICT_OBJC_MSGSEND = YES;
				GCC_C_LANGUAGE_STANDARD = gnu11;
				GCC_NO_COMMON_BLOCKS = YES;
				GCC_WARN_64_TO_32_BIT_CONVERSION = YES;
				GCC_WARN_ABOUT_RETURN_TYPE = YES_ERROR;
				GCC_WARN_UNDECLARED_SELECTOR = YES;
				GCC_WARN_UNINITIALIZED_AUTOS = YES_AGGRESSIVE;
				GCC_WARN_UNUSED_FUNCTION = YES;
				GCC_WARN_UNUSED_VARIABLE = YES;
				IPHONEOS_DEPLOYMENT_TARGET = 12.1;
				MTL_ENABLE_DEBUG_INFO = NO;
				MTL_FAST_MATH = YES;
				SDKROOT = iphoneos;
				SWIFT_COMPILATION_MODE = wholemodule;
				SWIFT_OPTIMIZATION_LEVEL = "-O";
				VALIDATE_PRODUCT = YES;
			};
			name = Release;
		};
		894751E421F29783009F1039 /* Debug */ = {
			isa = XCBuildConfiguration;
			buildSettings = {
				ASSETCATALOG_COMPILER_APPICON_NAME = AppIcon;
				CODE_SIGN_STYLE = Automatic;
				DEVELOPMENT_TEAM = S7U3BD8932;
				INFOPLIST_FILE = BotApp/Info.plist;
				LD_RUNPATH_SEARCH_PATHS = (
					"$(inherited)",
					"@executable_path/Frameworks",
				);
				PRODUCT_BUNDLE_IDENTIFIER = yuga.BotApp;
				PRODUCT_NAME = "$(TARGET_NAME)";
				SWIFT_VERSION = 4.2;
				TARGETED_DEVICE_FAMILY = "1,2";
			};
			name = Debug;
		};
		894751E521F29783009F1039 /* Release */ = {
			isa = XCBuildConfiguration;
			buildSettings = {
				ASSETCATALOG_COMPILER_APPICON_NAME = AppIcon;
				CODE_SIGN_STYLE = Automatic;
				DEVELOPMENT_TEAM = S7U3BD8932;
				INFOPLIST_FILE = BotApp/Info.plist;
				LD_RUNPATH_SEARCH_PATHS = (
					"$(inherited)",
					"@executable_path/Frameworks",
				);
				PRODUCT_BUNDLE_IDENTIFIER = yuga.BotApp;
				PRODUCT_NAME = "$(TARGET_NAME)";
				SWIFT_VERSION = 4.2;
				TARGETED_DEVICE_FAMILY = "1,2";
			};
			name = Release;
		};
		894751E721F29783009F1039 /* Debug */ = {
			isa = XCBuildConfiguration;
			buildSettings = {
				ALWAYS_EMBED_SWIFT_STANDARD_LIBRARIES = YES;
				BUNDLE_LOADER = "$(TEST_HOST)";
				CODE_SIGN_STYLE = Automatic;
				DEVELOPMENT_TEAM = S7U3BD8932;
				INFOPLIST_FILE = BotAppTests/Info.plist;
				LD_RUNPATH_SEARCH_PATHS = (
					"$(inherited)",
					"@executable_path/Frameworks",
					"@loader_path/Frameworks",
				);
				PRODUCT_BUNDLE_IDENTIFIER = yuga.BotAppTests;
				PRODUCT_NAME = "$(TARGET_NAME)";
				SWIFT_VERSION = 4.2;
				TARGETED_DEVICE_FAMILY = "1,2";
				TEST_HOST = "$(BUILT_PRODUCTS_DIR)/BotApp.app/BotApp";
			};
			name = Debug;
		};
		894751E821F29783009F1039 /* Release */ = {
			isa = XCBuildConfiguration;
			buildSettings = {
				ALWAYS_EMBED_SWIFT_STANDARD_LIBRARIES = YES;
				BUNDLE_LOADER = "$(TEST_HOST)";
				CODE_SIGN_STYLE = Automatic;
				DEVELOPMENT_TEAM = S7U3BD8932;
				INFOPLIST_FILE = BotAppTests/Info.plist;
				LD_RUNPATH_SEARCH_PATHS = (
					"$(inherited)",
					"@executable_path/Frameworks",
					"@loader_path/Frameworks",
				);
				PRODUCT_BUNDLE_IDENTIFIER = yuga.BotAppTests;
				PRODUCT_NAME = "$(TARGET_NAME)";
				SWIFT_VERSION = 4.2;
				TARGETED_DEVICE_FAMILY = "1,2";
				TEST_HOST = "$(BUILT_PRODUCTS_DIR)/BotApp.app/BotApp";
			};
			name = Release;
		};
		894751EA21F29783009F1039 /* Debug */ = {
			isa = XCBuildConfiguration;
			buildSettings = {
				ALWAYS_EMBED_SWIFT_STANDARD_LIBRARIES = YES;
				CODE_SIGN_STYLE = Automatic;
				DEVELOPMENT_TEAM = S7U3BD8932;
				INFOPLIST_FILE = BotAppUITests/Info.plist;
				LD_RUNPATH_SEARCH_PATHS = (
					"$(inherited)",
					"@executable_path/Frameworks",
					"@loader_path/Frameworks",
				);
				PRODUCT_BUNDLE_IDENTIFIER = yuga.BotAppUITests;
				PRODUCT_NAME = "$(TARGET_NAME)";
				SWIFT_VERSION = 4.2;
				TARGETED_DEVICE_FAMILY = "1,2";
				TEST_TARGET_NAME = BotApp;
			};
			name = Debug;
		};
		894751EB21F29783009F1039 /* Release */ = {
			isa = XCBuildConfiguration;
			buildSettings = {
				ALWAYS_EMBED_SWIFT_STANDARD_LIBRARIES = YES;
				CODE_SIGN_STYLE = Automatic;
				DEVELOPMENT_TEAM = S7U3BD8932;
				INFOPLIST_FILE = BotAppUITests/Info.plist;
				LD_RUNPATH_SEARCH_PATHS = (
					"$(inherited)",
					"@executable_path/Frameworks",
					"@loader_path/Frameworks",
				);
				PRODUCT_BUNDLE_IDENTIFIER = yuga.BotAppUITests;
				PRODUCT_NAME = "$(TARGET_NAME)";
				SWIFT_VERSION = 4.2;
				TARGETED_DEVICE_FAMILY = "1,2";
				TEST_TARGET_NAME = BotApp;
			};
			name = Release;
		};
/* End XCBuildConfiguration section */

/* Begin XCConfigurationList section */
		894751B621F2977F009F1039 /* Build configuration list for PBXProject "BotApp" */ = {
			isa = XCConfigurationList;
			buildConfigurations = (
				894751E121F29783009F1039 /* Debug */,
				894751E221F29783009F1039 /* Release */,
			);
			defaultConfigurationIsVisible = 0;
			defaultConfigurationName = Release;
		};
		894751E321F29783009F1039 /* Build configuration list for PBXNativeTarget "BotApp" */ = {
			isa = XCConfigurationList;
			buildConfigurations = (
				894751E421F29783009F1039 /* Debug */,
				894751E521F29783009F1039 /* Release */,
			);
			defaultConfigurationIsVisible = 0;
			defaultConfigurationName = Release;
		};
		894751E621F29783009F1039 /* Build configuration list for PBXNativeTarget "BotAppTests" */ = {
			isa = XCConfigurationList;
			buildConfigurations = (
				894751E721F29783009F1039 /* Debug */,
				894751E821F29783009F1039 /* Release */,
			);
			defaultConfigurationIsVisible = 0;
			defaultConfigurationName = Release;
		};
		894751E921F29783009F1039 /* Build configuration list for PBXNativeTarget "BotAppUITests" */ = {
			isa = XCConfigurationList;
			buildConfigurations = (
				894751EA21F29783009F1039 /* Debug */,
				894751EB21F29783009F1039 /* Release */,
			);
			defaultConfigurationIsVisible = 0;
			defaultConfigurationName = Release;
		};
/* End XCConfigurationList section */
	};
	rootObject = 894751B321F2977F009F1039 /* Project object */;
}
