// !$*UTF8*$!
{
	archiveVersion = 1;
	classes = {
	};
	objectVersion = 50;
	objects = {

/* Begin PBXBuildFile section */
		19A8E8E0EA8EFF54B7C22A75 /* Pods_BotAppTests.framework in Frameworks */ = {isa = PBXBuildFile; fileRef = BBB03EC145E938DE6BD3F2D4 /* Pods_BotAppTests.framework */; };
		273F66EA79A8EF172AD5BB23 /* Pods_BotAppUITests.framework in Frameworks */ = {isa = PBXBuildFile; fileRef = F7C689627FEDE31D38CE95A2 /* Pods_BotAppUITests.framework */; };
		894751BF21F2977F009F1039 /* AppDelegate.swift in Sources */ = {isa = PBXBuildFile; fileRef = 894751BE21F2977F009F1039 /* AppDelegate.swift */; };
		894751C421F2977F009F1039 /* Main.storyboard in Resources */ = {isa = PBXBuildFile; fileRef = 894751C221F2977F009F1039 /* Main.storyboard */; };
		894751C621F29782009F1039 /* Assets.xcassets in Resources */ = {isa = PBXBuildFile; fileRef = 894751C521F29782009F1039 /* Assets.xcassets */; };
		894751C921F29782009F1039 /* LaunchScreen.storyboard in Resources */ = {isa = PBXBuildFile; fileRef = 894751C721F29782009F1039 /* LaunchScreen.storyboard */; };
		894751D421F29783009F1039 /* BotAppTests.swift in Sources */ = {isa = PBXBuildFile; fileRef = 894751D321F29783009F1039 /* BotAppTests.swift */; };
		894751DF21F29783009F1039 /* BotAppUITests.swift in Sources */ = {isa = PBXBuildFile; fileRef = 894751DE21F29783009F1039 /* BotAppUITests.swift */; };
		89B592A821F376D1003EE686 /* BotCollectionViewCell.swift in Sources */ = {isa = PBXBuildFile; fileRef = 89B592A721F376D1003EE686 /* BotCollectionViewCell.swift */; };
		89B592AA21F3819B003EE686 /* StandardBotCollectionViewCell.swift in Sources */ = {isa = PBXBuildFile; fileRef = 89B592A921F3819B003EE686 /* StandardBotCollectionViewCell.swift */; };
		89B6443921F3633100043966 /* MessageCollectionViewCell.swift in Sources */ = {isa = PBXBuildFile; fileRef = 89B6443821F3633100043966 /* MessageCollectionViewCell.swift */; };
		89B6443B21F3647C00043966 /* ChatViewController.swift in Sources */ = {isa = PBXBuildFile; fileRef = 89B6443A21F3647C00043966 /* ChatViewController.swift */; };
		E5D89CD6C5740FA28F4158A2 /* Pods_BotApp.framework in Frameworks */ = {isa = PBXBuildFile; fileRef = 74ABCF99F6228FF501564F16 /* Pods_BotApp.framework */; };
/* End PBXBuildFile section */

/* Begin PBXContainerItemProxy section */
		894751D021F29783009F1039 /* PBXContainerItemProxy */ = {
			isa = PBXContainerItemProxy;
			containerPortal = 894751B321F2977F009F1039 /* Project object */;
			proxyType = 1;
			remoteGlobalIDString = 894751BA21F2977F009F1039;
			remoteInfo = BotApp;
		};
		894751DB21F29783009F1039 /* PBXContainerItemProxy */ = {
			isa = PBXContainerItemProxy;
			containerPortal = 894751B321F2977F009F1039 /* Project object */;
			proxyType = 1;
			remoteGlobalIDString = 894751BA21F2977F009F1039;
			remoteInfo = BotApp;
		};
/* End PBXContainerItemProxy section */

/* Begin PBXFileReference section */
		53AC22BF4E406D35C7985D76 /* Pods-BotAppTests.release.xcconfig */ = {isa = PBXFileReference; includeInIndex = 1; lastKnownFileType = text.xcconfig; name = "Pods-BotAppTests.release.xcconfig"; path = "Pods/Target Support Files/Pods-BotAppTests/Pods-BotAppTests.release.xcconfig"; sourceTree = "<group>"; };
		74ABCF99F6228FF501564F16 /* Pods_BotApp.framework */ = {isa = PBXFileReference; explicitFileType = wrapper.framework; includeInIndex = 0; path = Pods_BotApp.framework; sourceTree = BUILT_PRODUCTS_DIR; };
		894751BB21F2977F009F1039 /* BotApp.app */ = {isa = PBXFileReference; explicitFileType = wrapper.application; includeInIndex = 0; path = BotApp.app; sourceTree = BUILT_PRODUCTS_DIR; };
		894751BE21F2977F009F1039 /* AppDelegate.swift */ = {isa = PBXFileReference; lastKnownFileType = sourcecode.swift; path = AppDelegate.swift; sourceTree = "<group>"; };
		894751C321F2977F009F1039 /* Base */ = {isa = PBXFileReference; lastKnownFileType = file.storyboard; name = Base; path = Base.lproj/Main.storyboard; sourceTree = "<group>"; };
		894751C521F29782009F1039 /* Assets.xcassets */ = {isa = PBXFileReference; lastKnownFileType = folder.assetcatalog; path = Assets.xcassets; sourceTree = "<group>"; };
		894751C821F29782009F1039 /* Base */ = {isa = PBXFileReference; lastKnownFileType = file.storyboard; name = Base; path = Base.lproj/LaunchScreen.storyboard; sourceTree = "<group>"; };
		894751CA21F29782009F1039 /* Info.plist */ = {isa = PBXFileReference; lastKnownFileType = text.plist.xml; path = Info.plist; sourceTree = "<group>"; };
		894751CF21F29783009F1039 /* BotAppTests.xctest */ = {isa = PBXFileReference; explicitFileType = wrapper.cfbundle; includeInIndex = 0; path = BotAppTests.xctest; sourceTree = BUILT_PRODUCTS_DIR; };
		894751D321F29783009F1039 /* BotAppTests.swift */ = {isa = PBXFileReference; lastKnownFileType = sourcecode.swift; path = BotAppTests.swift; sourceTree = "<group>"; };
		894751D521F29783009F1039 /* Info.plist */ = {isa = PBXFileReference; lastKnownFileType = text.plist.xml; path = Info.plist; sourceTree = "<group>"; };
		894751DA21F29783009F1039 /* BotAppUITests.xctest */ = {isa = PBXFileReference; explicitFileType = wrapper.cfbundle; includeInIndex = 0; path = BotAppUITests.xctest; sourceTree = BUILT_PRODUCTS_DIR; };
		894751DE21F29783009F1039 /* BotAppUITests.swift */ = {isa = PBXFileReference; lastKnownFileType = sourcecode.swift; path = BotAppUITests.swift; sourceTree = "<group>"; };
		894751E021F29783009F1039 /* Info.plist */ = {isa = PBXFileReference; lastKnownFileType = text.plist.xml; path = Info.plist; sourceTree = "<group>"; };
		89B592A721F376D1003EE686 /* BotCollectionViewCell.swift */ = {isa = PBXFileReference; lastKnownFileType = sourcecode.swift; path = BotCollectionViewCell.swift; sourceTree = "<group>"; };
		89B592A921F3819B003EE686 /* StandardBotCollectionViewCell.swift */ = {isa = PBXFileReference; lastKnownFileType = sourcecode.swift; path = StandardBotCollectionViewCell.swift; sourceTree = "<group>"; };
		89B6443821F3633100043966 /* MessageCollectionViewCell.swift */ = {isa = PBXFileReference; lastKnownFileType = sourcecode.swift; path = MessageCollectionViewCell.swift; sourceTree = "<group>"; };
		89B6443A21F3647C00043966 /* ChatViewController.swift */ = {isa = PBXFileReference; lastKnownFileType = sourcecode.swift; path = ChatViewController.swift; sourceTree = "<group>"; };
		983B400168EA8582E8E4CC20 /* Pods-BotAppUITests.debug.xcconfig */ = {isa = PBXFileReference; includeInIndex = 1; lastKnownFileType = text.xcconfig; name = "Pods-BotAppUITests.debug.xcconfig"; path = "Pods/Target Support Files/Pods-BotAppUITests/Pods-BotAppUITests.debug.xcconfig"; sourceTree = "<group>"; };
		A54F64C3DD5051B845357B1A /* Pods-BotApp.debug.xcconfig */ = {isa = PBXFileReference; includeInIndex = 1; lastKnownFileType = text.xcconfig; name = "Pods-BotApp.debug.xcconfig"; path = "Pods/Target Support Files/Pods-BotApp/Pods-BotApp.debug.xcconfig"; sourceTree = "<group>"; };
		BBB03EC145E938DE6BD3F2D4 /* Pods_BotAppTests.framework */ = {isa = PBXFileReference; explicitFileType = wrapper.framework; includeInIndex = 0; path = Pods_BotAppTests.framework; sourceTree = BUILT_PRODUCTS_DIR; };
		DCEEAC398513247E407D9069 /* Pods-BotApp.release.xcconfig */ = {isa = PBXFileReference; includeInIndex = 1; lastKnownFileType = text.xcconfig; name = "Pods-BotApp.release.xcconfig"; path = "Pods/Target Support Files/Pods-BotApp/Pods-BotApp.release.xcconfig"; sourceTree = "<group>"; };
		E2E0597952E394BC36ADB7E8 /* Pods-BotAppTests.debug.xcconfig */ = {isa = PBXFileReference; includeInIndex = 1; lastKnownFileType = text.xcconfig; name = "Pods-BotAppTests.debug.xcconfig"; path = "Pods/Target Support Files/Pods-BotAppTests/Pods-BotAppTests.debug.xcconfig"; sourceTree = "<group>"; };
		EE2B8107299005A0BE36BDFD /* Pods-BotAppUITests.release.xcconfig */ = {isa = PBXFileReference; includeInIndex = 1; lastKnownFileType = text.xcconfig; name = "Pods-BotAppUITests.release.xcconfig"; path = "Pods/Target Support Files/Pods-BotAppUITests/Pods-BotAppUITests.release.xcconfig"; sourceTree = "<group>"; };
		F7C689627FEDE31D38CE95A2 /* Pods_BotAppUITests.framework */ = {isa = PBXFileReference; explicitFileType = wrapper.framework; includeInIndex = 0; path = Pods_BotAppUITests.framework; sourceTree = BUILT_PRODUCTS_DIR; };
/* End PBXFileReference section */

/* Begin PBXFrameworksBuildPhase section */
		894751B821F2977F009F1039 /* Frameworks */ = {
			isa = PBXFrameworksBuildPhase;
			buildActionMask = 2147483647;
			files = (
				E5D89CD6C5740FA28F4158A2 /* Pods_BotApp.framework in Frameworks */,
			);
			runOnlyForDeploymentPostprocessing = 0;
		};
		894751CC21F29783009F1039 /* Frameworks */ = {
			isa = PBXFrameworksBuildPhase;
			buildActionMask = 2147483647;
			files = (
				19A8E8E0EA8EFF54B7C22A75 /* Pods_BotAppTests.framework in Frameworks */,
			);
			runOnlyForDeploymentPostprocessing = 0;
		};
		894751D721F29783009F1039 /* Frameworks */ = {
			isa = PBXFrameworksBuildPhase;
			buildActionMask = 2147483647;
			files = (
				273F66EA79A8EF172AD5BB23 /* Pods_BotAppUITests.framework in Frameworks */,
			);
			runOnlyForDeploymentPostprocessing = 0;
		};
/* End PBXFrameworksBuildPhase section */

/* Begin PBXGroup section */
		64C71204FFCE7015EA884206 /* Frameworks */ = {
			isa = PBXGroup;
			children = (
				74ABCF99F6228FF501564F16 /* Pods_BotApp.framework */,
				BBB03EC145E938DE6BD3F2D4 /* Pods_BotAppTests.framework */,
				F7C689627FEDE31D38CE95A2 /* Pods_BotAppUITests.framework */,
			);
			name = Frameworks;
			sourceTree = "<group>";
		};
		894751B221F2977F009F1039 = {
			isa = PBXGroup;
			children = (
				894751BD21F2977F009F1039 /* BotApp */,
				894751D221F29783009F1039 /* BotAppTests */,
				894751DD21F29783009F1039 /* BotAppUITests */,
				894751BC21F2977F009F1039 /* Products */,
				D200C381F07E1FD160956755 /* Pods */,
				64C71204FFCE7015EA884206 /* Frameworks */,
			);
			sourceTree = "<group>";
		};
		894751BC21F2977F009F1039 /* Products */ = {
			isa = PBXGroup;
			children = (
				894751BB21F2977F009F1039 /* BotApp.app */,
				894751CF21F29783009F1039 /* BotAppTests.xctest */,
				894751DA21F29783009F1039 /* BotAppUITests.xctest */,
			);
			name = Products;
			sourceTree = "<group>";
		};
		894751BD21F2977F009F1039 /* BotApp */ = {
			isa = PBXGroup;
			children = (
				894751BE21F2977F009F1039 /* AppDelegate.swift */,
				89B6443A21F3647C00043966 /* ChatViewController.swift */,
				89B592A921F3819B003EE686 /* StandardBotCollectionViewCell.swift */,
				89B592A721F376D1003EE686 /* BotCollectionViewCell.swift */,
				89B6443821F3633100043966 /* MessageCollectionViewCell.swift */,
				894751C221F2977F009F1039 /* Main.storyboard */,
				894751C521F29782009F1039 /* Assets.xcassets */,
				894751C721F29782009F1039 /* LaunchScreen.storyboard */,
				894751CA21F29782009F1039 /* Info.plist */,
			);
			path = BotApp;
			sourceTree = "<group>";
		};
		894751D221F29783009F1039 /* BotAppTests */ = {
			isa = PBXGroup;
			children = (
				894751D321F29783009F1039 /* BotAppTests.swift */,
				894751D521F29783009F1039 /* Info.plist */,
			);
			path = BotAppTests;
			sourceTree = "<group>";
		};
		894751DD21F29783009F1039 /* BotAppUITests */ = {
			isa = PBXGroup;
			children = (
				894751DE21F29783009F1039 /* BotAppUITests.swift */,
				894751E021F29783009F1039 /* Info.plist */,
			);
			path = BotAppUITests;
			sourceTree = "<group>";
		};
		D200C381F07E1FD160956755 /* Pods */ = {
			isa = PBXGroup;
			children = (
				A54F64C3DD5051B845357B1A /* Pods-BotApp.debug.xcconfig */,
				DCEEAC398513247E407D9069 /* Pods-BotApp.release.xcconfig */,
				E2E0597952E394BC36ADB7E8 /* Pods-BotAppTests.debug.xcconfig */,
				53AC22BF4E406D35C7985D76 /* Pods-BotAppTests.release.xcconfig */,
				983B400168EA8582E8E4CC20 /* Pods-BotAppUITests.debug.xcconfig */,
				EE2B8107299005A0BE36BDFD /* Pods-BotAppUITests.release.xcconfig */,
			);
			name = Pods;
			sourceTree = "<group>";
		};
/* End PBXGroup section */

/* Begin PBXNativeTarget section */
		894751BA21F2977F009F1039 /* BotApp */ = {
			isa = PBXNativeTarget;
			buildConfigurationList = 894751E321F29783009F1039 /* Build configuration list for PBXNativeTarget "BotApp" */;
			buildPhases = (
				59A6182C8CB5DAE230BCCF74 /* [CP] Check Pods Manifest.lock */,
				894751B721F2977F009F1039 /* Sources */,
				894751B821F2977F009F1039 /* Frameworks */,
				894751B921F2977F009F1039 /* Resources */,
				05652C75D36098E6FA02DBC2 /* [CP] Embed Pods Frameworks */,
			);
			buildRules = (
			);
			dependencies = (
			);
			name = BotApp;
			productName = BotApp;
			productReference = 894751BB21F2977F009F1039 /* BotApp.app */;
			productType = "com.apple.product-type.application";
		};
		894751CE21F29783009F1039 /* BotAppTests */ = {
			isa = PBXNativeTarget;
			buildConfigurationList = 894751E621F29783009F1039 /* Build configuration list for PBXNativeTarget "BotAppTests" */;
			buildPhases = (
				262BB0B3862A6C4297B87386 /* [CP] Check Pods Manifest.lock */,
				894751CB21F29783009F1039 /* Sources */,
				894751CC21F29783009F1039 /* Frameworks */,
				894751CD21F29783009F1039 /* Resources */,
			);
			buildRules = (
			);
			dependencies = (
				894751D121F29783009F1039 /* PBXTargetDependency */,
			);
			name = BotAppTests;
			productName = BotAppTests;
			productReference = 894751CF21F29783009F1039 /* BotAppTests.xctest */;
			productType = "com.apple.product-type.bundle.unit-test";
		};
		894751D921F29783009F1039 /* BotAppUITests */ = {
			isa = PBXNativeTarget;
			buildConfigurationList = 894751E921F29783009F1039 /* Build configuration list for PBXNativeTarget "BotAppUITests" */;
			buildPhases = (
				FB10A5DE2A3B7612B365B581 /* [CP] Check Pods Manifest.lock */,
				894751D621F29783009F1039 /* Sources */,
				894751D721F29783009F1039 /* Frameworks */,
				894751D821F29783009F1039 /* Resources */,
			);
			buildRules = (
			);
			dependencies = (
				894751DC21F29783009F1039 /* PBXTargetDependency */,
			);
			name = BotAppUITests;
			productName = BotAppUITests;
			productReference = 894751DA21F29783009F1039 /* BotAppUITests.xctest */;
			productType = "com.apple.product-type.bundle.ui-testing";
		};
/* End PBXNativeTarget section */

/* Begin PBXProject section */
		894751B321F2977F009F1039 /* Project object */ = {
			isa = PBXProject;
			attributes = {
				LastSwiftUpdateCheck = 1010;
				LastUpgradeCheck = 1010;
				ORGANIZATIONNAME = lu;
				TargetAttributes = {
					894751BA21F2977F009F1039 = {
						CreatedOnToolsVersion = 10.1;
					};
					894751CE21F29783009F1039 = {
						CreatedOnToolsVersion = 10.1;
						TestTargetID = 894751BA21F2977F009F1039;
					};
					894751D921F29783009F1039 = {
						CreatedOnToolsVersion = 10.1;
						TestTargetID = 894751BA21F2977F009F1039;
					};
				};
			};
			buildConfigurationList = 894751B621F2977F009F1039 /* Build configuration list for PBXProject "BotApp" */;
			compatibilityVersion = "Xcode 9.3";
			developmentRegion = en;
			hasScannedForEncodings = 0;
			knownRegions = (
				en,
				Base,
			);
			mainGroup = 894751B221F2977F009F1039;
			productRefGroup = 894751BC21F2977F009F1039 /* Products */;
			projectDirPath = "";
			projectRoot = "";
			targets = (
				894751BA21F2977F009F1039 /* BotApp */,
				894751CE21F29783009F1039 /* BotAppTests */,
				894751D921F29783009F1039 /* BotAppUITests */,
			);
		};
/* End PBXProject section */

/* Begin PBXResourcesBuildPhase section */
		894751B921F2977F009F1039 /* Resources */ = {
			isa = PBXResourcesBuildPhase;
			buildActionMask = 2147483647;
			files = (
				894751C921F29782009F1039 /* LaunchScreen.storyboard in Resources */,
				894751C621F29782009F1039 /* Assets.xcassets in Resources */,
				894751C421F2977F009F1039 /* Main.storyboard in Resources */,
			);
			runOnlyForDeploymentPostprocessing = 0;
		};
		894751CD21F29783009F1039 /* Resources */ = {
			isa = PBXResourcesBuildPhase;
			buildActionMask = 2147483647;
			files = (
			);
			runOnlyForDeploymentPostprocessing = 0;
		};
		894751D821F29783009F1039 /* Resources */ = {
			isa = PBXResourcesBuildPhase;
			buildActionMask = 2147483647;
			files = (
			);
			runOnlyForDeploymentPostprocessing = 0;
		};
/* End PBXResourcesBuildPhase section */

/* Begin PBXShellScriptBuildPhase section */
		05652C75D36098E6FA02DBC2 /* [CP] Embed Pods Frameworks */ = {
			isa = PBXShellScriptBuildPhase;
			buildActionMask = 2147483647;
			files = (
			);
			inputFileListPaths = (
			);
			inputPaths = (
				"${SRCROOT}/Pods/Target Support Files/Pods-BotApp/Pods-BotApp-frameworks.sh",
				"${BUILT_PRODUCTS_DIR}/Alamofire/Alamofire.framework",
				"${BUILT_PRODUCTS_DIR}/AlamofireImage/AlamofireImage.framework",
				"${BUILT_PRODUCTS_DIR}/Keyboardy/Keyboardy.framework",
				"${BUILT_PRODUCTS_DIR}/SwiftyJSON/SwiftyJSON.framework",
			);
			name = "[CP] Embed Pods Frameworks";
			outputFileListPaths = (
			);
			outputPaths = (
				"${TARGET_BUILD_DIR}/${FRAMEWORKS_FOLDER_PATH}/Alamofire.framework",
				"${TARGET_BUILD_DIR}/${FRAMEWORKS_FOLDER_PATH}/AlamofireImage.framework",
				"${TARGET_BUILD_DIR}/${FRAMEWORKS_FOLDER_PATH}/Keyboardy.framework",
				"${TARGET_BUILD_DIR}/${FRAMEWORKS_FOLDER_PATH}/SwiftyJSON.framework",
			);
			runOnlyForDeploymentPostprocessing = 0;
			shellPath = /bin/sh;
			shellScript = "\"${SRCROOT}/Pods/Target Support Files/Pods-BotApp/Pods-BotApp-frameworks.sh\"\n";
			showEnvVarsInLog = 0;
		};
		262BB0B3862A6C4297B87386 /* [CP] Check Pods Manifest.lock */ = {
			isa = PBXShellScriptBuildPhase;
			buildActionMask = 2147483647;
			files = (
			);
			inputFileListPaths = (
			);
			inputPaths = (
				"${PODS_PODFILE_DIR_PATH}/Podfile.lock",
				"${PODS_ROOT}/Manifest.lock",
			);
			name = "[CP] Check Pods Manifest.lock";
			outputFileListPaths = (
			);
			outputPaths = (
				"$(DERIVED_FILE_DIR)/Pods-BotAppTests-checkManifestLockResult.txt",
			);
			runOnlyForDeploymentPostprocessing = 0;
			shellPath = /bin/sh;
			shellScript = "diff \"${PODS_PODFILE_DIR_PATH}/Podfile.lock\" \"${PODS_ROOT}/Manifest.lock\" > /dev/null\nif [ $? != 0 ] ; then\n    # print error to STDERR\n    echo \"error: The sandbox is not in sync with the Podfile.lock. Run 'pod install' or update your CocoaPods installation.\" >&2\n    exit 1\nfi\n# This output is used by Xcode 'outputs' to avoid re-running this script phase.\necho \"SUCCESS\" > \"${SCRIPT_OUTPUT_FILE_0}\"\n";
			showEnvVarsInLog = 0;
		};
		59A6182C8CB5DAE230BCCF74 /* [CP] Check Pods Manifest.lock */ = {
			isa = PBXShellScriptBuildPhase;
			buildActionMask = 2147483647;
			files = (
			);
			inputFileListPaths = (
			);
			inputPaths = (
				"${PODS_PODFILE_DIR_PATH}/Podfile.lock",
				"${PODS_ROOT}/Manifest.lock",
			);
			name = "[CP] Check Pods Manifest.lock";
			outputFileListPaths = (
			);
			outputPaths = (
				"$(DERIVED_FILE_DIR)/Pods-BotApp-checkManifestLockResult.txt",
			);
			runOnlyForDeploymentPostprocessing = 0;
			shellPath = /bin/sh;
			shellScript = "diff \"${PODS_PODFILE_DIR_PATH}/Podfile.lock\" \"${PODS_ROOT}/Manifest.lock\" > /dev/null\nif [ $? != 0 ] ; then\n    # print error to STDERR\n    echo \"error: The sandbox is not in sync with the Podfile.lock. Run 'pod install' or update your CocoaPods installation.\" >&2\n    exit 1\nfi\n# This output is used by Xcode 'outputs' to avoid re-running this script phase.\necho \"SUCCESS\" > \"${SCRIPT_OUTPUT_FILE_0}\"\n";
			showEnvVarsInLog = 0;
		};
		FB10A5DE2A3B7612B365B581 /* [CP] Check Pods Manifest.lock */ = {
			isa = PBXShellScriptBuildPhase;
			buildActionMask = 2147483647;
			files = (
			);
			inputFileListPaths = (
			);
			inputPaths = (
				"${PODS_PODFILE_DIR_PATH}/Podfile.lock",
				"${PODS_ROOT}/Manifest.lock",
			);
			name = "[CP] Check Pods Manifest.lock";
			outputFileListPaths = (
			);
			outputPaths = (
				"$(DERIVED_FILE_DIR)/Pods-BotAppUITests-checkManifestLockResult.txt",
			);
			runOnlyForDeploymentPostprocessing = 0;
			shellPath = /bin/sh;
			shellScript = "diff \"${PODS_PODFILE_DIR_PATH}/Podfile.lock\" \"${PODS_ROOT}/Manifest.lock\" > /dev/null\nif [ $? != 0 ] ; then\n    # print error to STDERR\n    echo \"error: The sandbox is not in sync with the Podfile.lock. Run 'pod install' or update your CocoaPods installation.\" >&2\n    exit 1\nfi\n# This output is used by Xcode 'outputs' to avoid re-running this script phase.\necho \"SUCCESS\" > \"${SCRIPT_OUTPUT_FILE_0}\"\n";
			showEnvVarsInLog = 0;
		};
/* End PBXShellScriptBuildPhase section */

/* Begin PBXSourcesBuildPhase section */
		894751B721F2977F009F1039 /* Sources */ = {
			isa = PBXSourcesBuildPhase;
			buildActionMask = 2147483647;
			files = (
				894751BF21F2977F009F1039 /* AppDelegate.swift in Sources */,
				89B6443B21F3647C00043966 /* ChatViewController.swift in Sources */,
				89B592A821F376D1003EE686 /* BotCollectionViewCell.swift in Sources */,
				89B592AA21F3819B003EE686 /* StandardBotCollectionViewCell.swift in Sources */,
				89B6443921F3633100043966 /* MessageCollectionViewCell.swift in Sources */,
			);
			runOnlyForDeploymentPostprocessing = 0;
		};
		894751CB21F29783009F1039 /* Sources */ = {
			isa = PBXSourcesBuildPhase;
			buildActionMask = 2147483647;
			files = (
				894751D421F29783009F1039 /* BotAppTests.swift in Sources */,
			);
			runOnlyForDeploymentPostprocessing = 0;
		};
		894751D621F29783009F1039 /* Sources */ = {
			isa = PBXSourcesBuildPhase;
			buildActionMask = 2147483647;
			files = (
				894751DF21F29783009F1039 /* BotAppUITests.swift in Sources */,
			);
			runOnlyForDeploymentPostprocessing = 0;
		};
/* End PBXSourcesBuildPhase section */

/* Begin PBXTargetDependency section */
		894751D121F29783009F1039 /* PBXTargetDependency */ = {
			isa = PBXTargetDependency;
			target = 894751BA21F2977F009F1039 /* BotApp */;
			targetProxy = 894751D021F29783009F1039 /* PBXContainerItemProxy */;
		};
		894751DC21F29783009F1039 /* PBXTargetDependency */ = {
			isa = PBXTargetDependency;
			target = 894751BA21F2977F009F1039 /* BotApp */;
			targetProxy = 894751DB21F29783009F1039 /* PBXContainerItemProxy */;
		};
/* End PBXTargetDependency section */

/* Begin PBXVariantGroup section */
		894751C221F2977F009F1039 /* Main.storyboard */ = {
			isa = PBXVariantGroup;
			children = (
				894751C321F2977F009F1039 /* Base */,
			);
			name = Main.storyboard;
			sourceTree = "<group>";
		};
		894751C721F29782009F1039 /* LaunchScreen.storyboard */ = {
			isa = PBXVariantGroup;
			children = (
				894751C821F29782009F1039 /* Base */,
			);
			name = LaunchScreen.storyboard;
			sourceTree = "<group>";
		};
/* End PBXVariantGroup section */

/* Begin XCBuildConfiguration section */
		894751E121F29783009F1039 /* Debug */ = {
			isa = XCBuildConfiguration;
			buildSettings = {
				ALWAYS_SEARCH_USER_PATHS = NO;
				CLANG_ANALYZER_NONNULL = YES;
				CLANG_ANALYZER_NUMBER_OBJECT_CONVERSION = YES_AGGRESSIVE;
				CLANG_CXX_LANGUAGE_STANDARD = "gnu++14";
				CLANG_CXX_LIBRARY = "libc++";
				CLANG_ENABLE_MODULES = YES;
				CLANG_ENABLE_OBJC_ARC = YES;
				CLANG_ENABLE_OBJC_WEAK = YES;
				CLANG_WARN_BLOCK_CAPTURE_AUTORELEASING = YES;
				CLANG_WARN_BOOL_CONVERSION = YES;
				CLANG_WARN_COMMA = YES;
				CLANG_WARN_CONSTANT_CONVERSION = YES;
				CLANG_WARN_DEPRECATED_OBJC_IMPLEMENTATIONS = YES;
				CLANG_WARN_DIRECT_OBJC_ISA_USAGE = YES_ERROR;
				CLANG_WARN_DOCUMENTATION_COMMENTS = YES;
				CLANG_WARN_EMPTY_BODY = YES;
				CLANG_WARN_ENUM_CONVERSION = YES;
				CLANG_WARN_INFINITE_RECURSION = YES;
				CLANG_WARN_INT_CONVERSION = YES;
				CLANG_WARN_NON_LITERAL_NULL_CONVERSION = YES;
				CLANG_WARN_OBJC_IMPLICIT_RETAIN_SELF = YES;
				CLANG_WARN_OBJC_LITERAL_CONVERSION = YES;
				CLANG_WARN_OBJC_ROOT_CLASS = YES_ERROR;
				CLANG_WARN_RANGE_LOOP_ANALYSIS = YES;
				CLANG_WARN_STRICT_PROTOTYPES = YES;
				CLANG_WARN_SUSPICIOUS_MOVE = YES;
				CLANG_WARN_UNGUARDED_AVAILABILITY = YES_AGGRESSIVE;
				CLANG_WARN_UNREACHABLE_CODE = YES;
				CLANG_WARN__DUPLICATE_METHOD_MATCH = YES;
				CODE_SIGN_IDENTITY = "iPhone Developer";
				COPY_PHASE_STRIP = NO;
				DEBUG_INFORMATION_FORMAT = dwarf;
				ENABLE_STRICT_OBJC_MSGSEND = YES;
				ENABLE_TESTABILITY = YES;
				GCC_C_LANGUAGE_STANDARD = gnu11;
				GCC_DYNAMIC_NO_PIC = NO;
				GCC_NO_COMMON_BLOCKS = YES;
				GCC_OPTIMIZATION_LEVEL = 0;
				GCC_PREPROCESSOR_DEFINITIONS = (
					"DEBUG=1",
					"$(inherited)",
				);
				GCC_WARN_64_TO_32_BIT_CONVERSION = YES;
				GCC_WARN_ABOUT_RETURN_TYPE = YES_ERROR;
				GCC_WARN_UNDECLARED_SELECTOR = YES;
				GCC_WARN_UNINITIALIZED_AUTOS = YES_AGGRESSIVE;
				GCC_WARN_UNUSED_FUNCTION = YES;
				GCC_WARN_UNUSED_VARIABLE = YES;
				IPHONEOS_DEPLOYMENT_TARGET = 12.1;
				MTL_ENABLE_DEBUG_INFO = INCLUDE_SOURCE;
				MTL_FAST_MATH = YES;
				ONLY_ACTIVE_ARCH = YES;
				SDKROOT = iphoneos;
				SWIFT_ACTIVE_COMPILATION_CONDITIONS = DEBUG;
				SWIFT_OPTIMIZATION_LEVEL = "-Onone";
			};
			name = Debug;
		};
		894751E221F29783009F1039 /* Release */ = {
			isa = XCBuildConfiguration;
			buildSettings = {
				ALWAYS_SEARCH_USER_PATHS = NO;
				CLANG_ANALYZER_NONNULL = YES;
				CLANG_ANALYZER_NUMBER_OBJECT_CONVERSION = YES_AGGRESSIVE;
				CLANG_CXX_LANGUAGE_STANDARD = "gnu++14";
				CLANG_CXX_LIBRARY = "libc++";
				CLANG_ENABLE_MODULES = YES;
				CLANG_ENABLE_OBJC_ARC = YES;
				CLANG_ENABLE_OBJC_WEAK = YES;
				CLANG_WARN_BLOCK_CAPTURE_AUTORELEASING = YES;
				CLANG_WARN_BOOL_CONVERSION = YES;
				CLANG_WARN_COMMA = YES;
				CLANG_WARN_CONSTANT_CONVERSION = YES;
				CLANG_WARN_DEPRECATED_OBJC_IMPLEMENTATIONS = YES;
				CLANG_WARN_DIRECT_OBJC_ISA_USAGE = YES_ERROR;
				CLANG_WARN_DOCUMENTATION_COMMENTS = YES;
				CLANG_WARN_EMPTY_BODY = YES;
				CLANG_WARN_ENUM_CONVERSION = YES;
				CLANG_WARN_INFINITE_RECURSION = YES;
				CLANG_WARN_INT_CONVERSION = YES;
				CLANG_WARN_NON_LITERAL_NULL_CONVERSION = YES;
				CLANG_WARN_OBJC_IMPLICIT_RETAIN_SELF = YES;
				CLANG_WARN_OBJC_LITERAL_CONVERSION = YES;
				CLANG_WARN_OBJC_ROOT_CLASS = YES_ERROR;
				CLANG_WARN_RANGE_LOOP_ANALYSIS = YES;
				CLANG_WARN_STRICT_PROTOTYPES = YES;
				CLANG_WARN_SUSPICIOUS_MOVE = YES;
				CLANG_WARN_UNGUARDED_AVAILABILITY = YES_AGGRESSIVE;
				CLANG_WARN_UNREACHABLE_CODE = YES;
				CLANG_WARN__DUPLICATE_METHOD_MATCH = YES;
				CODE_SIGN_IDENTITY = "iPhone Developer";
				COPY_PHASE_STRIP = NO;
				DEBUG_INFORMATION_FORMAT = "dwarf-with-dsym";
				ENABLE_NS_ASSERTIONS = NO;
				ENABLE_STRICT_OBJC_MSGSEND = YES;
				GCC_C_LANGUAGE_STANDARD = gnu11;
				GCC_NO_COMMON_BLOCKS = YES;
				GCC_WARN_64_TO_32_BIT_CONVERSION = YES;
				GCC_WARN_ABOUT_RETURN_TYPE = YES_ERROR;
				GCC_WARN_UNDECLARED_SELECTOR = YES;
				GCC_WARN_UNINITIALIZED_AUTOS = YES_AGGRESSIVE;
				GCC_WARN_UNUSED_FUNCTION = YES;
				GCC_WARN_UNUSED_VARIABLE = YES;
				IPHONEOS_DEPLOYMENT_TARGET = 12.1;
				MTL_ENABLE_DEBUG_INFO = NO;
				MTL_FAST_MATH = YES;
				SDKROOT = iphoneos;
				SWIFT_COMPILATION_MODE = wholemodule;
				SWIFT_OPTIMIZATION_LEVEL = "-O";
				VALIDATE_PRODUCT = YES;
			};
			name = Release;
		};
		894751E421F29783009F1039 /* Debug */ = {
			isa = XCBuildConfiguration;
			baseConfigurationReference = A54F64C3DD5051B845357B1A /* Pods-BotApp.debug.xcconfig */;
			buildSettings = {
				ASSETCATALOG_COMPILER_APPICON_NAME = AppIcon;
				CODE_SIGN_STYLE = Automatic;
				DEVELOPMENT_TEAM = S7U3BD8932;
				INFOPLIST_FILE = BotApp/Info.plist;
				LD_RUNPATH_SEARCH_PATHS = (
					"$(inherited)",
					"@executable_path/Frameworks",
				);
				PRODUCT_BUNDLE_IDENTIFIER = yuga.BotApp;
				PRODUCT_NAME = "$(TARGET_NAME)";
				SWIFT_VERSION = 4.2;
				TARGETED_DEVICE_FAMILY = "1,2";
			};
			name = Debug;
		};
		894751E521F29783009F1039 /* Release */ = {
			isa = XCBuildConfiguration;
			baseConfigurationReference = DCEEAC398513247E407D9069 /* Pods-BotApp.release.xcconfig */;
			buildSettings = {
				ASSETCATALOG_COMPILER_APPICON_NAME = AppIcon;
				CODE_SIGN_STYLE = Automatic;
				DEVELOPMENT_TEAM = S7U3BD8932;
				INFOPLIST_FILE = BotApp/Info.plist;
				LD_RUNPATH_SEARCH_PATHS = (
					"$(inherited)",
					"@executable_path/Frameworks",
				);
				PRODUCT_BUNDLE_IDENTIFIER = yuga.BotApp;
				PRODUCT_NAME = "$(TARGET_NAME)";
				SWIFT_VERSION = 4.2;
				TARGETED_DEVICE_FAMILY = "1,2";
			};
			name = Release;
		};
		894751E721F29783009F1039 /* Debug */ = {
			isa = XCBuildConfiguration;
			baseConfigurationReference = E2E0597952E394BC36ADB7E8 /* Pods-BotAppTests.debug.xcconfig */;
			buildSettings = {
				ALWAYS_EMBED_SWIFT_STANDARD_LIBRARIES = YES;
				BUNDLE_LOADER = "$(TEST_HOST)";
				CODE_SIGN_STYLE = Automatic;
				DEVELOPMENT_TEAM = S7U3BD8932;
				INFOPLIST_FILE = BotAppTests/Info.plist;
				LD_RUNPATH_SEARCH_PATHS = (
					"$(inherited)",
					"@executable_path/Frameworks",
					"@loader_path/Frameworks",
				);
				PRODUCT_BUNDLE_IDENTIFIER = yuga.BotAppTests;
				PRODUCT_NAME = "$(TARGET_NAME)";
				SWIFT_VERSION = 4.2;
				TARGETED_DEVICE_FAMILY = "1,2";
				TEST_HOST = "$(BUILT_PRODUCTS_DIR)/BotApp.app/BotApp";
			};
			name = Debug;
		};
		894751E821F29783009F1039 /* Release */ = {
			isa = XCBuildConfiguration;
			baseConfigurationReference = 53AC22BF4E406D35C7985D76 /* Pods-BotAppTests.release.xcconfig */;
			buildSettings = {
				ALWAYS_EMBED_SWIFT_STANDARD_LIBRARIES = YES;
				BUNDLE_LOADER = "$(TEST_HOST)";
				CODE_SIGN_STYLE = Automatic;
				DEVELOPMENT_TEAM = S7U3BD8932;
				INFOPLIST_FILE = BotAppTests/Info.plist;
				LD_RUNPATH_SEARCH_PATHS = (
					"$(inherited)",
					"@executable_path/Frameworks",
					"@loader_path/Frameworks",
				);
				PRODUCT_BUNDLE_IDENTIFIER = yuga.BotAppTests;
				PRODUCT_NAME = "$(TARGET_NAME)";
				SWIFT_VERSION = 4.2;
				TARGETED_DEVICE_FAMILY = "1,2";
				TEST_HOST = "$(BUILT_PRODUCTS_DIR)/BotApp.app/BotApp";
			};
			name = Release;
		};
		894751EA21F29783009F1039 /* Debug */ = {
			isa = XCBuildConfiguration;
			baseConfigurationReference = 983B400168EA8582E8E4CC20 /* Pods-BotAppUITests.debug.xcconfig */;
			buildSettings = {
				ALWAYS_EMBED_SWIFT_STANDARD_LIBRARIES = YES;
				CODE_SIGN_STYLE = Automatic;
				DEVELOPMENT_TEAM = S7U3BD8932;
				INFOPLIST_FILE = BotAppUITests/Info.plist;
				LD_RUNPATH_SEARCH_PATHS = (
					"$(inherited)",
					"@executable_path/Frameworks",
					"@loader_path/Frameworks",
				);
				PRODUCT_BUNDLE_IDENTIFIER = yuga.BotAppUITests;
				PRODUCT_NAME = "$(TARGET_NAME)";
				SWIFT_VERSION = 4.2;
				TARGETED_DEVICE_FAMILY = "1,2";
				TEST_TARGET_NAME = BotApp;
			};
			name = Debug;
		};
		894751EB21F29783009F1039 /* Release */ = {
			isa = XCBuildConfiguration;
			baseConfigurationReference = EE2B8107299005A0BE36BDFD /* Pods-BotAppUITests.release.xcconfig */;
			buildSettings = {
				ALWAYS_EMBED_SWIFT_STANDARD_LIBRARIES = YES;
				CODE_SIGN_STYLE = Automatic;
				DEVELOPMENT_TEAM = S7U3BD8932;
				INFOPLIST_FILE = BotAppUITests/Info.plist;
				LD_RUNPATH_SEARCH_PATHS = (
					"$(inherited)",
					"@executable_path/Frameworks",
					"@loader_path/Frameworks",
				);
				PRODUCT_BUNDLE_IDENTIFIER = yuga.BotAppUITests;
				PRODUCT_NAME = "$(TARGET_NAME)";
				SWIFT_VERSION = 4.2;
				TARGETED_DEVICE_FAMILY = "1,2";
				TEST_TARGET_NAME = BotApp;
			};
			name = Release;
		};
/* End XCBuildConfiguration section */

/* Begin XCConfigurationList section */
		894751B621F2977F009F1039 /* Build configuration list for PBXProject "BotApp" */ = {
			isa = XCConfigurationList;
			buildConfigurations = (
				894751E121F29783009F1039 /* Debug */,
				894751E221F29783009F1039 /* Release */,
			);
			defaultConfigurationIsVisible = 0;
			defaultConfigurationName = Release;
		};
		894751E321F29783009F1039 /* Build configuration list for PBXNativeTarget "BotApp" */ = {
			isa = XCConfigurationList;
			buildConfigurations = (
				894751E421F29783009F1039 /* Debug */,
				894751E521F29783009F1039 /* Release */,
			);
			defaultConfigurationIsVisible = 0;
			defaultConfigurationName = Release;
		};
		894751E621F29783009F1039 /* Build configuration list for PBXNativeTarget "BotAppTests" */ = {
			isa = XCConfigurationList;
			buildConfigurations = (
				894751E721F29783009F1039 /* Debug */,
				894751E821F29783009F1039 /* Release */,
			);
			defaultConfigurationIsVisible = 0;
			defaultConfigurationName = Release;
		};
		894751E921F29783009F1039 /* Build configuration list for PBXNativeTarget "BotAppUITests" */ = {
			isa = XCConfigurationList;
			buildConfigurations = (
				894751EA21F29783009F1039 /* Debug */,
				894751EB21F29783009F1039 /* Release */,
			);
			defaultConfigurationIsVisible = 0;
			defaultConfigurationName = Release;
		};
/* End XCConfigurationList section */
	};
	rootObject = 894751B321F2977F009F1039 /* Project object */;
}
